// !$*UTF8*$!
{
	archiveVersion = 1;
	classes = {
	};
	objectVersion = 46;
	objects = {

/* Begin PBXBuildFile section */
		6164AEEB15AEA673001A1CB0 /* libMobClickLibrary.a in Frameworks */ = {isa = PBXBuildFile; fileRef = 6164AEEA15AEA673001A1CB0 /* libMobClickLibrary.a */; };
		6164AEF415AEA84C001A1CB0 /* iVersion.bundle in Resources */ = {isa = PBXBuildFile; fileRef = 6164AEF115AEA84C001A1CB0 /* iVersion.bundle */; };
		6164AEF515AEA84C001A1CB0 /* iVersion.m in Sources */ = {isa = PBXBuildFile; fileRef = 6164AEF315AEA84C001A1CB0 /* iVersion.m */; };
		61AFB47A155FAC3D000582A1 /* QuartzCore.framework in Frameworks */ = {isa = PBXBuildFile; fileRef = 61E1CDDC1514A2BA004E5C7A /* QuartzCore.framework */; };
		61B20DE4155FA72F00FD1E25 /* SNPopupView.m in Sources */ = {isa = PBXBuildFile; fileRef = 61B20DE0155FA72F00FD1E25 /* SNPopupView.m */; };
		61B20DE5155FA72F00FD1E25 /* SNPopupView+UsingPrivateMethod.m in Sources */ = {isa = PBXBuildFile; fileRef = 61B20DE1155FA72F00FD1E25 /* SNPopupView+UsingPrivateMethod.m */; };
		61B93C301522EA6700DBA6C0 /* RoundedRect.m in Sources */ = {isa = PBXBuildFile; fileRef = 61B93C2F1522EA6700DBA6C0 /* RoundedRect.m */; };
		61B93C341522EB9A00DBA6C0 /* UIViewController+msg.m in Sources */ = {isa = PBXBuildFile; fileRef = 61B93C331522EB9A00DBA6C0 /* UIViewController+msg.m */; };
		61DF7444151838F70050275E /* MessageUI.framework in Frameworks */ = {isa = PBXBuildFile; fileRef = 61DF7443151838F70050275E /* MessageUI.framework */; };
		61DF744E151840710050275E /* callBtn.png in Resources */ = {isa = PBXBuildFile; fileRef = 61DF7446151840710050275E /* callBtn.png */; };
		61DF744F151840710050275E /* callBtn@2x.png in Resources */ = {isa = PBXBuildFile; fileRef = 61DF7447151840710050275E /* callBtn@2x.png */; };
		61DF7450151840710050275E /* callBtnD.png in Resources */ = {isa = PBXBuildFile; fileRef = 61DF7448151840710050275E /* callBtnD.png */; };
		61DF7451151840710050275E /* callBtnD@2x.png in Resources */ = {isa = PBXBuildFile; fileRef = 61DF7449151840710050275E /* callBtnD@2x.png */; };
		61DF7452151840710050275E /* mailBtn.png in Resources */ = {isa = PBXBuildFile; fileRef = 61DF744A151840710050275E /* mailBtn.png */; };
		61DF7453151840710050275E /* mailBtn@2x.png in Resources */ = {isa = PBXBuildFile; fileRef = 61DF744B151840710050275E /* mailBtn@2x.png */; };
		61DF7454151840710050275E /* mailBtnD.png in Resources */ = {isa = PBXBuildFile; fileRef = 61DF744C151840710050275E /* mailBtnD.png */; };
		61DF7455151840710050275E /* mailBtnD@2x.png in Resources */ = {isa = PBXBuildFile; fileRef = 61DF744D151840710050275E /* mailBtnD@2x.png */; };
		61DF7457151876AB0050275E /* icon.png in Resources */ = {isa = PBXBuildFile; fileRef = 61DF7456151876AB0050275E /* icon.png */; };
		61E1CD8615143693004E5C7A /* UIKit.framework in Frameworks */ = {isa = PBXBuildFile; fileRef = 61E1CD8515143693004E5C7A /* UIKit.framework */; };
		61E1CD8815143693004E5C7A /* Foundation.framework in Frameworks */ = {isa = PBXBuildFile; fileRef = 61E1CD8715143693004E5C7A /* Foundation.framework */; };
		61E1CD8A15143693004E5C7A /* CoreGraphics.framework in Frameworks */ = {isa = PBXBuildFile; fileRef = 61E1CD8915143693004E5C7A /* CoreGraphics.framework */; };
		61E1CD9015143693004E5C7A /* InfoPlist.strings in Resources */ = {isa = PBXBuildFile; fileRef = 61E1CD8E15143693004E5C7A /* InfoPlist.strings */; };
		61E1CD9215143693004E5C7A /* main.m in Sources */ = {isa = PBXBuildFile; fileRef = 61E1CD9115143693004E5C7A /* main.m */; };
		61E1CD9615143693004E5C7A /* JZAppDelegate.m in Sources */ = {isa = PBXBuildFile; fileRef = 61E1CD9515143693004E5C7A /* JZAppDelegate.m */; };
		61E1CD9D151436DE004E5C7A /* MainWindow.xib in Resources */ = {isa = PBXBuildFile; fileRef = 61E1CD9C151436DE004E5C7A /* MainWindow.xib */; };
		61E1CDA11514394A004E5C7A /* JZEntryListViewController.m in Sources */ = {isa = PBXBuildFile; fileRef = 61E1CD9F1514394A004E5C7A /* JZEntryListViewController.m */; };
		61E1CDA21514394A004E5C7A /* JZEntryListViewController.xib in Resources */ = {isa = PBXBuildFile; fileRef = 61E1CDA01514394A004E5C7A /* JZEntryListViewController.xib */; };
		61E1CDA6151439E7004E5C7A /* JZNavigationBar.m in Sources */ = {isa = PBXBuildFile; fileRef = 61E1CDA5151439E7004E5C7A /* JZNavigationBar.m */; };
		61E1CDB21514480A004E5C7A /* JZCateListViewController.m in Sources */ = {isa = PBXBuildFile; fileRef = 61E1CDB01514480A004E5C7A /* JZCateListViewController.m */; };
		61E1CDB31514480A004E5C7A /* JZCateListViewController.xib in Resources */ = {isa = PBXBuildFile; fileRef = 61E1CDB11514480A004E5C7A /* JZCateListViewController.xib */; };
		61E1CDB615145ADD004E5C7A /* header.png in Resources */ = {isa = PBXBuildFile; fileRef = 61E1CDB415145ADD004E5C7A /* header.png */; };
		61E1CDB715145ADD004E5C7A /* header@2x.png in Resources */ = {isa = PBXBuildFile; fileRef = 61E1CDB515145ADD004E5C7A /* header@2x.png */; };
		61E1CDBA15145C58004E5C7A /* bgSearch.png in Resources */ = {isa = PBXBuildFile; fileRef = 61E1CDB815145C58004E5C7A /* bgSearch.png */; };
		61E1CDBB15145C58004E5C7A /* bgSearch@2x.png in Resources */ = {isa = PBXBuildFile; fileRef = 61E1CDB915145C58004E5C7A /* bgSearch@2x.png */; };
		61E1CDBE1514725B004E5C7A /* btndown.png in Resources */ = {isa = PBXBuildFile; fileRef = 61E1CDBC1514725B004E5C7A /* btndown.png */; };
		61E1CDBF1514725B004E5C7A /* btndown@2x.png in Resources */ = {isa = PBXBuildFile; fileRef = 61E1CDBD1514725B004E5C7A /* btndown@2x.png */; };
		61E1CDC315148C21004E5C7A /* JZCityListViewController.m in Sources */ = {isa = PBXBuildFile; fileRef = 61E1CDC115148C21004E5C7A /* JZCityListViewController.m */; };
		61E1CDC415148C21004E5C7A /* JZCityListViewController.xib in Resources */ = {isa = PBXBuildFile; fileRef = 61E1CDC215148C21004E5C7A /* JZCityListViewController.xib */; };
		61E1CDC815148C4F004E5C7A /* JZEntryDetailViewController.m in Sources */ = {isa = PBXBuildFile; fileRef = 61E1CDC615148C4F004E5C7A /* JZEntryDetailViewController.m */; };
		61E1CDC915148C4F004E5C7A /* JZEntryDetailViewController.xib in Resources */ = {isa = PBXBuildFile; fileRef = 61E1CDC715148C4F004E5C7A /* JZEntryDetailViewController.xib */; };
		61E1CDD0151495A2004E5C7A /* backBtn.png in Resources */ = {isa = PBXBuildFile; fileRef = 61E1CDCC151495A2004E5C7A /* backBtn.png */; };
		61E1CDD1151495A2004E5C7A /* backBtn@2x.png in Resources */ = {isa = PBXBuildFile; fileRef = 61E1CDCD151495A2004E5C7A /* backBtn@2x.png */; };
		61E1CDD2151495A2004E5C7A /* backBtnD.png in Resources */ = {isa = PBXBuildFile; fileRef = 61E1CDCE151495A2004E5C7A /* backBtnD.png */; };
		61E1CDD3151495A2004E5C7A /* backBtnD@2x.png in Resources */ = {isa = PBXBuildFile; fileRef = 61E1CDCF151495A2004E5C7A /* backBtnD@2x.png */; };
		61E1CDD815149700004E5C7A /* confirmBtn.png in Resources */ = {isa = PBXBuildFile; fileRef = 61E1CDD415149700004E5C7A /* confirmBtn.png */; };
		61E1CDD915149700004E5C7A /* confirmBtn@2x.png in Resources */ = {isa = PBXBuildFile; fileRef = 61E1CDD515149700004E5C7A /* confirmBtn@2x.png */; };
		61E1CDDA15149700004E5C7A /* confirmBtnD.png in Resources */ = {isa = PBXBuildFile; fileRef = 61E1CDD615149700004E5C7A /* confirmBtnD.png */; };
		61E1CDDB15149700004E5C7A /* confirmBtnD@2x.png in Resources */ = {isa = PBXBuildFile; fileRef = 61E1CDD715149700004E5C7A /* confirmBtnD@2x.png */; };
		61E5725B1514CD4B009058AE /* CustomBarButtonItem.m in Sources */ = {isa = PBXBuildFile; fileRef = 61E1CDCB15149579004E5C7A /* CustomBarButtonItem.m */; };
		61EBB5251515B34700EE02CA /* cates.plist in Resources */ = {isa = PBXBuildFile; fileRef = 61EBB5241515B34700EE02CA /* cates.plist */; };
		61EBB5301515B56400EE02CA /* pc.png in Resources */ = {isa = PBXBuildFile; fileRef = 61EBB5261515B56300EE02CA /* pc.png */; };
		61EBB5311515B56400EE02CA /* pc@2x.png in Resources */ = {isa = PBXBuildFile; fileRef = 61EBB5271515B56300EE02CA /* pc@2x.png */; };
		61EBB5321515B56400EE02CA /* pipe.png in Resources */ = {isa = PBXBuildFile; fileRef = 61EBB5281515B56300EE02CA /* pipe.png */; };
		61EBB5331515B56400EE02CA /* pipe@2x.png in Resources */ = {isa = PBXBuildFile; fileRef = 61EBB5291515B56300EE02CA /* pipe@2x.png */; };
		61EBB5341515B56400EE02CA /* transport.png in Resources */ = {isa = PBXBuildFile; fileRef = 61EBB52A1515B56300EE02CA /* transport.png */; };
		61EBB5351515B56400EE02CA /* transport@2x.png in Resources */ = {isa = PBXBuildFile; fileRef = 61EBB52B1515B56300EE02CA /* transport@2x.png */; };
		61EBB5361515B56400EE02CA /* tv.png in Resources */ = {isa = PBXBuildFile; fileRef = 61EBB52C1515B56300EE02CA /* tv.png */; };
		61EBB5371515B56400EE02CA /* tv@2x.png in Resources */ = {isa = PBXBuildFile; fileRef = 61EBB52D1515B56300EE02CA /* tv@2x.png */; };
		61EBB5381515B56400EE02CA /* unlock.png in Resources */ = {isa = PBXBuildFile; fileRef = 61EBB52E1515B56300EE02CA /* unlock.png */; };
		61EBB5391515B56400EE02CA /* unlock@2x.png in Resources */ = {isa = PBXBuildFile; fileRef = 61EBB52F1515B56400EE02CA /* unlock@2x.png */; };
		61EBB5401515B6EA00EE02CA /* airCondition.png in Resources */ = {isa = PBXBuildFile; fileRef = 61EBB53A1515B6EA00EE02CA /* airCondition.png */; };
		61EBB5411515B6EA00EE02CA /* airCondition@2x.png in Resources */ = {isa = PBXBuildFile; fileRef = 61EBB53B1515B6EA00EE02CA /* airCondition@2x.png */; };
		61EBB5421515B6EA00EE02CA /* babySister.png in Resources */ = {isa = PBXBuildFile; fileRef = 61EBB53C1515B6EA00EE02CA /* babySister.png */; };
		61EBB5431515B6EA00EE02CA /* babySister@2x.png in Resources */ = {isa = PBXBuildFile; fileRef = 61EBB53D1515B6EA00EE02CA /* babySister@2x.png */; };
		61EBB5441515B6EA00EE02CA /* cleaner.png in Resources */ = {isa = PBXBuildFile; fileRef = 61EBB53E1515B6EA00EE02CA /* cleaner.png */; };
		61EBB5451515B6EA00EE02CA /* cleaner@2x.png in Resources */ = {isa = PBXBuildFile; fileRef = 61EBB53F1515B6EA00EE02CA /* cleaner@2x.png */; };
		61EBB54B1515BD5100EE02CA /* JZListCateCell.m in Sources */ = {isa = PBXBuildFile; fileRef = 61EBB54A1515BD5100EE02CA /* JZListCateCell.m */; };
		61EBB54E1515BEEC00EE02CA /* graytri.png in Resources */ = {isa = PBXBuildFile; fileRef = 61EBB54C1515BEEC00EE02CA /* graytri.png */; };
		61EBB54F1515BEEC00EE02CA /* graytri@2x.png in Resources */ = {isa = PBXBuildFile; fileRef = 61EBB54D1515BEEC00EE02CA /* graytri@2x.png */; };
		61EBB5511515C8D400EE02CA /* cities.plist in Resources */ = {isa = PBXBuildFile; fileRef = 61EBB5501515C8D400EE02CA /* cities.plist */; };
		61EBB5551515D6AB00EE02CA /* CoreLocation.framework in Frameworks */ = {isa = PBXBuildFile; fileRef = 61EBB5541515D6AB00EE02CA /* CoreLocation.framework */; };
		61EBB5591515E2D200EE02CA /* LocationController.m in Sources */ = {isa = PBXBuildFile; fileRef = 61EBB5531515D66100EE02CA /* LocationController.m */; };
		61EBB55A1515E30B00EE02CA /* NSObject+SBJson.m in Sources */ = {isa = PBXBuildFile; fileRef = 61E572731514D996009058AE /* NSObject+SBJson.m */; };
		61EBB55B1515E30B00EE02CA /* SBJsonParser.m in Sources */ = {isa = PBXBuildFile; fileRef = 61E572741514D996009058AE /* SBJsonParser.m */; };
		61EBB55C1515E30B00EE02CA /* SBJsonStreamParser.m in Sources */ = {isa = PBXBuildFile; fileRef = 61E572751514D996009058AE /* SBJsonStreamParser.m */; };
		61EBB55D1515E30B00EE02CA /* SBJsonStreamParserAccumulator.m in Sources */ = {isa = PBXBuildFile; fileRef = 61E572761514D996009058AE /* SBJsonStreamParserAccumulator.m */; };
		61EBB55E1515E30B00EE02CA /* SBJsonStreamParserAdapter.m in Sources */ = {isa = PBXBuildFile; fileRef = 61E572771514D996009058AE /* SBJsonStreamParserAdapter.m */; };
		61EBB55F1515E30B00EE02CA /* SBJsonStreamParserState.m in Sources */ = {isa = PBXBuildFile; fileRef = 61E572781514D996009058AE /* SBJsonStreamParserState.m */; };
		61EBB5601515E30B00EE02CA /* SBJsonStreamWriter.m in Sources */ = {isa = PBXBuildFile; fileRef = 61E572791514D996009058AE /* SBJsonStreamWriter.m */; };
		61EBB5611515E30B00EE02CA /* SBJsonStreamWriterAccumulator.m in Sources */ = {isa = PBXBuildFile; fileRef = 61E5727A1514D996009058AE /* SBJsonStreamWriterAccumulator.m */; };
		61EBB5621515E30B00EE02CA /* SBJsonStreamWriterState.m in Sources */ = {isa = PBXBuildFile; fileRef = 61E5727B1514D996009058AE /* SBJsonStreamWriterState.m */; };
		61EBB5631515E30B00EE02CA /* SBJsonTokeniser.m in Sources */ = {isa = PBXBuildFile; fileRef = 61E5727C1514D996009058AE /* SBJsonTokeniser.m */; };
		61EBB5641515E30B00EE02CA /* SBJsonUTF8Stream.m in Sources */ = {isa = PBXBuildFile; fileRef = 61E5727D1514D996009058AE /* SBJsonUTF8Stream.m */; };
		61EBB5651515E30B00EE02CA /* SBJsonWriter.m in Sources */ = {isa = PBXBuildFile; fileRef = 61E5727E1514D996009058AE /* SBJsonWriter.m */; };
		61EBB5661515E31900EE02CA /* Utils.m in Sources */ = {isa = PBXBuildFile; fileRef = 61EBB5581515D6DD00EE02CA /* Utils.m */; };
		61EBB58B1515FB3E00EE02CA /* Reachability.m in Sources */ = {isa = PBXBuildFile; fileRef = 61EBB5741515FAE400EE02CA /* Reachability.m */; };
		61EBB58C1515FB3E00EE02CA /* ASIAuthenticationDialog.m in Sources */ = {isa = PBXBuildFile; fileRef = 61EBB5761515FAE400EE02CA /* ASIAuthenticationDialog.m */; };
		61EBB58D1515FB3E00EE02CA /* ASIDataCompressor.m in Sources */ = {isa = PBXBuildFile; fileRef = 61EBB5791515FAE400EE02CA /* ASIDataCompressor.m */; };
		61EBB58E1515FB3E00EE02CA /* ASIDataDecompressor.m in Sources */ = {isa = PBXBuildFile; fileRef = 61EBB57B1515FAE400EE02CA /* ASIDataDecompressor.m */; };
		61EBB58F1515FB3E00EE02CA /* ASIDownloadCache.m in Sources */ = {isa = PBXBuildFile; fileRef = 61EBB57D1515FAE400EE02CA /* ASIDownloadCache.m */; };
		61EBB5901515FB3E00EE02CA /* ASIFormDataRequest.m in Sources */ = {isa = PBXBuildFile; fileRef = 61EBB57F1515FAE400EE02CA /* ASIFormDataRequest.m */; };
		61EBB5911515FB3E00EE02CA /* ASIHTTPRequest.m in Sources */ = {isa = PBXBuildFile; fileRef = 61EBB5811515FAE400EE02CA /* ASIHTTPRequest.m */; };
		61EBB5921515FB3E00EE02CA /* ASIInputStream.m in Sources */ = {isa = PBXBuildFile; fileRef = 61EBB5851515FAE400EE02CA /* ASIInputStream.m */; };
		61EBB5931515FB3E00EE02CA /* ASINetworkQueue.m in Sources */ = {isa = PBXBuildFile; fileRef = 61EBB5871515FAE400EE02CA /* ASINetworkQueue.m */; };
		61EBB5961515FBC200EE02CA /* CFNetwork.framework in Frameworks */ = {isa = PBXBuildFile; fileRef = 61EBB5951515FBC200EE02CA /* CFNetwork.framework */; };
		61EBB5981515FC4F00EE02CA /* libz.1.2.5.dylib in Frameworks */ = {isa = PBXBuildFile; fileRef = 61EBB5971515FC4F00EE02CA /* libz.1.2.5.dylib */; };
		61EBB59A1515FC7B00EE02CA /* MobileCoreServices.framework in Frameworks */ = {isa = PBXBuildFile; fileRef = 61EBB5991515FC7B00EE02CA /* MobileCoreServices.framework */; };
		61EBB59C1515FC8500EE02CA /* SystemConfiguration.framework in Frameworks */ = {isa = PBXBuildFile; fileRef = 61EBB59B1515FC8400EE02CA /* SystemConfiguration.framework */; };
		61FD048C1517053D00E3F88F /* Default.png in Resources */ = {isa = PBXBuildFile; fileRef = 61FD04881517053D00E3F88F /* Default.png */; };
		61FD048D1517053D00E3F88F /* Default@2x.png in Resources */ = {isa = PBXBuildFile; fileRef = 61FD04891517053D00E3F88F /* Default@2x.png */; };
		61FD049715170F0C00E3F88F /* icon@2x.png in Resources */ = {isa = PBXBuildFile; fileRef = 61FD049515170F0C00E3F88F /* icon@2x.png */; };
		61FD04A01517E7FF00E3F88F /* JZEntryCell.m in Sources */ = {isa = PBXBuildFile; fileRef = 61FD049F1517E7FF00E3F88F /* JZEntryCell.m */; };
		61FD04A41517EE6E00E3F88F /* NSString+URLEncoding.m in Sources */ = {isa = PBXBuildFile; fileRef = 61FD04A31517EE5500E3F88F /* NSString+URLEncoding.m */; };
		61FD04A71517F91700E3F88F /* contact.png in Resources */ = {isa = PBXBuildFile; fileRef = 61FD04A51517F91600E3F88F /* contact.png */; };
		61FD04A81517F91700E3F88F /* contact@2x.png in Resources */ = {isa = PBXBuildFile; fileRef = 61FD04A61517F91700E3F88F /* contact@2x.png */; };
		61FFE47D15622FFA0093379D /* btn-re.png in Resources */ = {isa = PBXBuildFile; fileRef = 61FFE47A15622FFA0093379D /* btn-re.png */; };
		61FFE47E15622FFA0093379D /* btn-re@2x.png in Resources */ = {isa = PBXBuildFile; fileRef = 61FFE47B15622FFA0093379D /* btn-re@2x.png */; };
/* End PBXBuildFile section */

/* Begin PBXFileReference section */
		6164AEE815AEA2AE001A1CB0 /* MobClick.h */ = {isa = PBXFileReference; fileEncoding = 4; lastKnownFileType = sourcecode.c.h; path = MobClick.h; sourceTree = "<group>"; };
		6164AEEA15AEA673001A1CB0 /* libMobClickLibrary.a */ = {isa = PBXFileReference; lastKnownFileType = archive.ar; path = libMobClickLibrary.a; sourceTree = "<group>"; };
		6164AEF115AEA84C001A1CB0 /* iVersion.bundle */ = {isa = PBXFileReference; lastKnownFileType = "wrapper.plug-in"; path = iVersion.bundle; sourceTree = "<group>"; };
		6164AEF215AEA84C001A1CB0 /* iVersion.h */ = {isa = PBXFileReference; fileEncoding = 4; lastKnownFileType = sourcecode.c.h; path = iVersion.h; sourceTree = "<group>"; };
		6164AEF315AEA84C001A1CB0 /* iVersion.m */ = {isa = PBXFileReference; fileEncoding = 4; lastKnownFileType = sourcecode.c.objc; path = iVersion.m; sourceTree = "<group>"; };
		616D9A9A155CEAD200D9A79D /* libsqlite3.0.dylib */ = {isa = PBXFileReference; lastKnownFileType = "compiled.mach-o.dylib"; name = libsqlite3.0.dylib; path = usr/lib/libsqlite3.0.dylib; sourceTree = SDKROOT; };
		61B20DE0155FA72F00FD1E25 /* SNPopupView.m */ = {isa = PBXFileReference; fileEncoding = 4; lastKnownFileType = sourcecode.c.objc; path = SNPopupView.m; sourceTree = "<group>"; };
		61B20DE1155FA72F00FD1E25 /* SNPopupView+UsingPrivateMethod.m */ = {isa = PBXFileReference; fileEncoding = 4; lastKnownFileType = sourcecode.c.objc; path = "SNPopupView+UsingPrivateMethod.m"; sourceTree = "<group>"; };
		61B20DE2155FA72F00FD1E25 /* SNPopupView.h */ = {isa = PBXFileReference; fileEncoding = 4; lastKnownFileType = sourcecode.c.h; path = SNPopupView.h; sourceTree = "<group>"; };
		61B20DE3155FA72F00FD1E25 /* SNPopupView+UsingPrivateMethod.h */ = {isa = PBXFileReference; fileEncoding = 4; lastKnownFileType = sourcecode.c.h; path = "SNPopupView+UsingPrivateMethod.h"; sourceTree = "<group>"; };
		61B93C2E1522EA6700DBA6C0 /* RoundedRect.h */ = {isa = PBXFileReference; fileEncoding = 4; lastKnownFileType = sourcecode.c.h; path = RoundedRect.h; sourceTree = "<group>"; };
		61B93C2F1522EA6700DBA6C0 /* RoundedRect.m */ = {isa = PBXFileReference; fileEncoding = 4; lastKnownFileType = sourcecode.c.objc; path = RoundedRect.m; sourceTree = "<group>"; };
		61B93C321522EB9A00DBA6C0 /* UIViewController+msg.h */ = {isa = PBXFileReference; fileEncoding = 4; lastKnownFileType = sourcecode.c.h; path = "UIViewController+msg.h"; sourceTree = "<group>"; };
		61B93C331522EB9A00DBA6C0 /* UIViewController+msg.m */ = {isa = PBXFileReference; fileEncoding = 4; lastKnownFileType = sourcecode.c.objc; path = "UIViewController+msg.m"; sourceTree = "<group>"; };
		61DF7443151838F70050275E /* MessageUI.framework */ = {isa = PBXFileReference; lastKnownFileType = wrapper.framework; name = MessageUI.framework; path = System/Library/Frameworks/MessageUI.framework; sourceTree = SDKROOT; };
		61DF7446151840710050275E /* callBtn.png */ = {isa = PBXFileReference; lastKnownFileType = image.png; path = callBtn.png; sourceTree = "<group>"; };
		61DF7447151840710050275E /* callBtn@2x.png */ = {isa = PBXFileReference; lastKnownFileType = image.png; path = "callBtn@2x.png"; sourceTree = "<group>"; };
		61DF7448151840710050275E /* callBtnD.png */ = {isa = PBXFileReference; lastKnownFileType = image.png; path = callBtnD.png; sourceTree = "<group>"; };
		61DF7449151840710050275E /* callBtnD@2x.png */ = {isa = PBXFileReference; lastKnownFileType = image.png; path = "callBtnD@2x.png"; sourceTree = "<group>"; };
		61DF744A151840710050275E /* mailBtn.png */ = {isa = PBXFileReference; lastKnownFileType = image.png; path = mailBtn.png; sourceTree = "<group>"; };
		61DF744B151840710050275E /* mailBtn@2x.png */ = {isa = PBXFileReference; lastKnownFileType = image.png; path = "mailBtn@2x.png"; sourceTree = "<group>"; };
		61DF744C151840710050275E /* mailBtnD.png */ = {isa = PBXFileReference; lastKnownFileType = image.png; path = mailBtnD.png; sourceTree = "<group>"; };
		61DF744D151840710050275E /* mailBtnD@2x.png */ = {isa = PBXFileReference; lastKnownFileType = image.png; path = "mailBtnD@2x.png"; sourceTree = "<group>"; };
		61DF7456151876AB0050275E /* icon.png */ = {isa = PBXFileReference; lastKnownFileType = image.png; path = icon.png; sourceTree = "<group>"; };
		61E1CD8115143693004E5C7A /* jzsou.app */ = {isa = PBXFileReference; explicitFileType = wrapper.application; includeInIndex = 0; path = jzsou.app; sourceTree = BUILT_PRODUCTS_DIR; };
		61E1CD8515143693004E5C7A /* UIKit.framework */ = {isa = PBXFileReference; lastKnownFileType = wrapper.framework; name = UIKit.framework; path = System/Library/Frameworks/UIKit.framework; sourceTree = SDKROOT; };
		61E1CD8715143693004E5C7A /* Foundation.framework */ = {isa = PBXFileReference; lastKnownFileType = wrapper.framework; name = Foundation.framework; path = System/Library/Frameworks/Foundation.framework; sourceTree = SDKROOT; };
		61E1CD8915143693004E5C7A /* CoreGraphics.framework */ = {isa = PBXFileReference; lastKnownFileType = wrapper.framework; name = CoreGraphics.framework; path = System/Library/Frameworks/CoreGraphics.framework; sourceTree = SDKROOT; };
		61E1CD8D15143693004E5C7A /* jzsou-Info.plist */ = {isa = PBXFileReference; lastKnownFileType = text.plist.xml; path = "jzsou-Info.plist"; sourceTree = "<group>"; };
		61E1CD8F15143693004E5C7A /* en */ = {isa = PBXFileReference; lastKnownFileType = text.plist.strings; name = en; path = en.lproj/InfoPlist.strings; sourceTree = "<group>"; };
		61E1CD9115143693004E5C7A /* main.m */ = {isa = PBXFileReference; lastKnownFileType = sourcecode.c.objc; path = main.m; sourceTree = "<group>"; };
		61E1CD9315143693004E5C7A /* jzsou-Prefix.pch */ = {isa = PBXFileReference; lastKnownFileType = sourcecode.c.h; path = "jzsou-Prefix.pch"; sourceTree = "<group>"; };
		61E1CD9415143693004E5C7A /* JZAppDelegate.h */ = {isa = PBXFileReference; lastKnownFileType = sourcecode.c.h; path = JZAppDelegate.h; sourceTree = "<group>"; };
		61E1CD9515143693004E5C7A /* JZAppDelegate.m */ = {isa = PBXFileReference; lastKnownFileType = sourcecode.c.objc; path = JZAppDelegate.m; sourceTree = "<group>"; };
		61E1CD9C151436DE004E5C7A /* MainWindow.xib */ = {isa = PBXFileReference; fileEncoding = 4; lastKnownFileType = file.xib; path = MainWindow.xib; sourceTree = "<group>"; };
		61E1CD9E1514394A004E5C7A /* JZEntryListViewController.h */ = {isa = PBXFileReference; fileEncoding = 4; lastKnownFileType = sourcecode.c.h; path = JZEntryListViewController.h; sourceTree = "<group>"; };
		61E1CD9F1514394A004E5C7A /* JZEntryListViewController.m */ = {isa = PBXFileReference; fileEncoding = 4; lastKnownFileType = sourcecode.c.objc; path = JZEntryListViewController.m; sourceTree = "<group>"; };
		61E1CDA01514394A004E5C7A /* JZEntryListViewController.xib */ = {isa = PBXFileReference; fileEncoding = 4; lastKnownFileType = file.xib; path = JZEntryListViewController.xib; sourceTree = "<group>"; };
		61E1CDA4151439E7004E5C7A /* JZNavigationBar.h */ = {isa = PBXFileReference; fileEncoding = 4; lastKnownFileType = sourcecode.c.h; path = JZNavigationBar.h; sourceTree = "<group>"; };
		61E1CDA5151439E7004E5C7A /* JZNavigationBar.m */ = {isa = PBXFileReference; fileEncoding = 4; lastKnownFileType = sourcecode.c.objc; path = JZNavigationBar.m; sourceTree = "<group>"; };
		61E1CDAF1514480A004E5C7A /* JZCateListViewController.h */ = {isa = PBXFileReference; fileEncoding = 4; lastKnownFileType = sourcecode.c.h; path = JZCateListViewController.h; sourceTree = "<group>"; };
		61E1CDB01514480A004E5C7A /* JZCateListViewController.m */ = {isa = PBXFileReference; fileEncoding = 4; lastKnownFileType = sourcecode.c.objc; path = JZCateListViewController.m; sourceTree = "<group>"; };
		61E1CDB11514480A004E5C7A /* JZCateListViewController.xib */ = {isa = PBXFileReference; fileEncoding = 4; lastKnownFileType = file.xib; path = JZCateListViewController.xib; sourceTree = "<group>"; };
		61E1CDB415145ADD004E5C7A /* header.png */ = {isa = PBXFileReference; lastKnownFileType = image.png; path = header.png; sourceTree = "<group>"; };
		61E1CDB515145ADD004E5C7A /* header@2x.png */ = {isa = PBXFileReference; lastKnownFileType = image.png; path = "header@2x.png"; sourceTree = "<group>"; };
		61E1CDB815145C58004E5C7A /* bgSearch.png */ = {isa = PBXFileReference; lastKnownFileType = image.png; path = bgSearch.png; sourceTree = "<group>"; };
		61E1CDB915145C58004E5C7A /* bgSearch@2x.png */ = {isa = PBXFileReference; lastKnownFileType = image.png; path = "bgSearch@2x.png"; sourceTree = "<group>"; };
		61E1CDBC1514725B004E5C7A /* btndown.png */ = {isa = PBXFileReference; lastKnownFileType = image.png; path = btndown.png; sourceTree = "<group>"; };
		61E1CDBD1514725B004E5C7A /* btndown@2x.png */ = {isa = PBXFileReference; lastKnownFileType = image.png; path = "btndown@2x.png"; sourceTree = "<group>"; };
		61E1CDC015148C20004E5C7A /* JZCityListViewController.h */ = {isa = PBXFileReference; fileEncoding = 4; lastKnownFileType = sourcecode.c.h; path = JZCityListViewController.h; sourceTree = "<group>"; };
		61E1CDC115148C21004E5C7A /* JZCityListViewController.m */ = {isa = PBXFileReference; fileEncoding = 4; lastKnownFileType = sourcecode.c.objc; path = JZCityListViewController.m; sourceTree = "<group>"; };
		61E1CDC215148C21004E5C7A /* JZCityListViewController.xib */ = {isa = PBXFileReference; fileEncoding = 4; lastKnownFileType = file.xib; path = JZCityListViewController.xib; sourceTree = "<group>"; };
		61E1CDC515148C4E004E5C7A /* JZEntryDetailViewController.h */ = {isa = PBXFileReference; fileEncoding = 4; lastKnownFileType = sourcecode.c.h; path = JZEntryDetailViewController.h; sourceTree = "<group>"; };
		61E1CDC615148C4F004E5C7A /* JZEntryDetailViewController.m */ = {isa = PBXFileReference; fileEncoding = 4; lastKnownFileType = sourcecode.c.objc; path = JZEntryDetailViewController.m; sourceTree = "<group>"; };
		61E1CDC715148C4F004E5C7A /* JZEntryDetailViewController.xib */ = {isa = PBXFileReference; fileEncoding = 4; lastKnownFileType = file.xib; path = JZEntryDetailViewController.xib; sourceTree = "<group>"; };
		61E1CDCA15149579004E5C7A /* CustomBarButtonItem.h */ = {isa = PBXFileReference; lastKnownFileType = sourcecode.c.h; path = CustomBarButtonItem.h; sourceTree = "<group>"; };
		61E1CDCB15149579004E5C7A /* CustomBarButtonItem.m */ = {isa = PBXFileReference; lastKnownFileType = sourcecode.c.objc; path = CustomBarButtonItem.m; sourceTree = "<group>"; };
		61E1CDCC151495A2004E5C7A /* backBtn.png */ = {isa = PBXFileReference; lastKnownFileType = image.png; path = backBtn.png; sourceTree = "<group>"; };
		61E1CDCD151495A2004E5C7A /* backBtn@2x.png */ = {isa = PBXFileReference; lastKnownFileType = image.png; path = "backBtn@2x.png"; sourceTree = "<group>"; };
		61E1CDCE151495A2004E5C7A /* backBtnD.png */ = {isa = PBXFileReference; lastKnownFileType = image.png; path = backBtnD.png; sourceTree = "<group>"; };
		61E1CDCF151495A2004E5C7A /* backBtnD@2x.png */ = {isa = PBXFileReference; lastKnownFileType = image.png; path = "backBtnD@2x.png"; sourceTree = "<group>"; };
		61E1CDD415149700004E5C7A /* confirmBtn.png */ = {isa = PBXFileReference; lastKnownFileType = image.png; path = confirmBtn.png; sourceTree = "<group>"; };
		61E1CDD515149700004E5C7A /* confirmBtn@2x.png */ = {isa = PBXFileReference; lastKnownFileType = image.png; path = "confirmBtn@2x.png"; sourceTree = "<group>"; };
		61E1CDD615149700004E5C7A /* confirmBtnD.png */ = {isa = PBXFileReference; lastKnownFileType = image.png; path = confirmBtnD.png; sourceTree = "<group>"; };
		61E1CDD715149700004E5C7A /* confirmBtnD@2x.png */ = {isa = PBXFileReference; lastKnownFileType = image.png; path = "confirmBtnD@2x.png"; sourceTree = "<group>"; };
		61E1CDDC1514A2BA004E5C7A /* QuartzCore.framework */ = {isa = PBXFileReference; lastKnownFileType = wrapper.framework; name = QuartzCore.framework; path = System/Library/Frameworks/QuartzCore.framework; sourceTree = SDKROOT; };
		61E572731514D996009058AE /* NSObject+SBJson.m */ = {isa = PBXFileReference; lastKnownFileType = sourcecode.c.objc; path = "NSObject+SBJson.m"; sourceTree = "<group>"; };
		61E572741514D996009058AE /* SBJsonParser.m */ = {isa = PBXFileReference; lastKnownFileType = sourcecode.c.objc; path = SBJsonParser.m; sourceTree = "<group>"; };
		61E572751514D996009058AE /* SBJsonStreamParser.m */ = {isa = PBXFileReference; lastKnownFileType = sourcecode.c.objc; path = SBJsonStreamParser.m; sourceTree = "<group>"; };
		61E572761514D996009058AE /* SBJsonStreamParserAccumulator.m */ = {isa = PBXFileReference; lastKnownFileType = sourcecode.c.objc; path = SBJsonStreamParserAccumulator.m; sourceTree = "<group>"; };
		61E572771514D996009058AE /* SBJsonStreamParserAdapter.m */ = {isa = PBXFileReference; lastKnownFileType = sourcecode.c.objc; path = SBJsonStreamParserAdapter.m; sourceTree = "<group>"; };
		61E572781514D996009058AE /* SBJsonStreamParserState.m */ = {isa = PBXFileReference; lastKnownFileType = sourcecode.c.objc; path = SBJsonStreamParserState.m; sourceTree = "<group>"; };
		61E572791514D996009058AE /* SBJsonStreamWriter.m */ = {isa = PBXFileReference; lastKnownFileType = sourcecode.c.objc; path = SBJsonStreamWriter.m; sourceTree = "<group>"; };
		61E5727A1514D996009058AE /* SBJsonStreamWriterAccumulator.m */ = {isa = PBXFileReference; lastKnownFileType = sourcecode.c.objc; path = SBJsonStreamWriterAccumulator.m; sourceTree = "<group>"; };
		61E5727B1514D996009058AE /* SBJsonStreamWriterState.m */ = {isa = PBXFileReference; lastKnownFileType = sourcecode.c.objc; path = SBJsonStreamWriterState.m; sourceTree = "<group>"; };
		61E5727C1514D996009058AE /* SBJsonTokeniser.m */ = {isa = PBXFileReference; lastKnownFileType = sourcecode.c.objc; path = SBJsonTokeniser.m; sourceTree = "<group>"; };
		61E5727D1514D996009058AE /* SBJsonUTF8Stream.m */ = {isa = PBXFileReference; lastKnownFileType = sourcecode.c.objc; path = SBJsonUTF8Stream.m; sourceTree = "<group>"; };
		61E5727E1514D996009058AE /* SBJsonWriter.m */ = {isa = PBXFileReference; lastKnownFileType = sourcecode.c.objc; path = SBJsonWriter.m; sourceTree = "<group>"; };
		61E5727F1514D996009058AE /* NSObject+SBJson.h */ = {isa = PBXFileReference; lastKnownFileType = sourcecode.c.h; path = "NSObject+SBJson.h"; sourceTree = "<group>"; };
		61E572801514D996009058AE /* SBJson.h */ = {isa = PBXFileReference; lastKnownFileType = sourcecode.c.h; path = SBJson.h; sourceTree = "<group>"; };
		61E572811514D996009058AE /* SBJsonParser.h */ = {isa = PBXFileReference; lastKnownFileType = sourcecode.c.h; path = SBJsonParser.h; sourceTree = "<group>"; };
		61E572821514D996009058AE /* SBJsonStreamParser.h */ = {isa = PBXFileReference; lastKnownFileType = sourcecode.c.h; path = SBJsonStreamParser.h; sourceTree = "<group>"; };
		61E572831514D996009058AE /* SBJsonStreamParserAccumulator.h */ = {isa = PBXFileReference; lastKnownFileType = sourcecode.c.h; path = SBJsonStreamParserAccumulator.h; sourceTree = "<group>"; };
		61E572841514D996009058AE /* SBJsonStreamParserAdapter.h */ = {isa = PBXFileReference; lastKnownFileType = sourcecode.c.h; path = SBJsonStreamParserAdapter.h; sourceTree = "<group>"; };
		61E572851514D996009058AE /* SBJsonStreamParserState.h */ = {isa = PBXFileReference; lastKnownFileType = sourcecode.c.h; path = SBJsonStreamParserState.h; sourceTree = "<group>"; };
		61E572861514D996009058AE /* SBJsonStreamWriter.h */ = {isa = PBXFileReference; lastKnownFileType = sourcecode.c.h; path = SBJsonStreamWriter.h; sourceTree = "<group>"; };
		61E572871514D996009058AE /* SBJsonStreamWriterAccumulator.h */ = {isa = PBXFileReference; lastKnownFileType = sourcecode.c.h; path = SBJsonStreamWriterAccumulator.h; sourceTree = "<group>"; };
		61E572881514D996009058AE /* SBJsonStreamWriterState.h */ = {isa = PBXFileReference; lastKnownFileType = sourcecode.c.h; path = SBJsonStreamWriterState.h; sourceTree = "<group>"; };
		61E572891514D996009058AE /* SBJsonTokeniser.h */ = {isa = PBXFileReference; lastKnownFileType = sourcecode.c.h; path = SBJsonTokeniser.h; sourceTree = "<group>"; };
		61E5728A1514D996009058AE /* SBJsonUTF8Stream.h */ = {isa = PBXFileReference; lastKnownFileType = sourcecode.c.h; path = SBJsonUTF8Stream.h; sourceTree = "<group>"; };
		61E5728B1514D996009058AE /* SBJsonWriter.h */ = {isa = PBXFileReference; lastKnownFileType = sourcecode.c.h; path = SBJsonWriter.h; sourceTree = "<group>"; };
		61EBB5241515B34700EE02CA /* cates.plist */ = {isa = PBXFileReference; fileEncoding = 4; lastKnownFileType = text.plist.xml; path = cates.plist; sourceTree = "<group>"; };
		61EBB5261515B56300EE02CA /* pc.png */ = {isa = PBXFileReference; lastKnownFileType = image.png; path = pc.png; sourceTree = "<group>"; };
		61EBB5271515B56300EE02CA /* pc@2x.png */ = {isa = PBXFileReference; lastKnownFileType = image.png; path = "pc@2x.png"; sourceTree = "<group>"; };
		61EBB5281515B56300EE02CA /* pipe.png */ = {isa = PBXFileReference; lastKnownFileType = image.png; path = pipe.png; sourceTree = "<group>"; };
		61EBB5291515B56300EE02CA /* pipe@2x.png */ = {isa = PBXFileReference; lastKnownFileType = image.png; path = "pipe@2x.png"; sourceTree = "<group>"; };
		61EBB52A1515B56300EE02CA /* transport.png */ = {isa = PBXFileReference; lastKnownFileType = image.png; path = transport.png; sourceTree = "<group>"; };
		61EBB52B1515B56300EE02CA /* transport@2x.png */ = {isa = PBXFileReference; lastKnownFileType = image.png; path = "transport@2x.png"; sourceTree = "<group>"; };
		61EBB52C1515B56300EE02CA /* tv.png */ = {isa = PBXFileReference; lastKnownFileType = image.png; path = tv.png; sourceTree = "<group>"; };
		61EBB52D1515B56300EE02CA /* tv@2x.png */ = {isa = PBXFileReference; lastKnownFileType = image.png; path = "tv@2x.png"; sourceTree = "<group>"; };
		61EBB52E1515B56300EE02CA /* unlock.png */ = {isa = PBXFileReference; lastKnownFileType = image.png; path = unlock.png; sourceTree = "<group>"; };
		61EBB52F1515B56400EE02CA /* unlock@2x.png */ = {isa = PBXFileReference; lastKnownFileType = image.png; path = "unlock@2x.png"; sourceTree = "<group>"; };
		61EBB53A1515B6EA00EE02CA /* airCondition.png */ = {isa = PBXFileReference; lastKnownFileType = image.png; path = airCondition.png; sourceTree = "<group>"; };
		61EBB53B1515B6EA00EE02CA /* airCondition@2x.png */ = {isa = PBXFileReference; lastKnownFileType = image.png; path = "airCondition@2x.png"; sourceTree = "<group>"; };
		61EBB53C1515B6EA00EE02CA /* babySister.png */ = {isa = PBXFileReference; lastKnownFileType = image.png; path = babySister.png; sourceTree = "<group>"; };
		61EBB53D1515B6EA00EE02CA /* babySister@2x.png */ = {isa = PBXFileReference; lastKnownFileType = image.png; path = "babySister@2x.png"; sourceTree = "<group>"; };
		61EBB53E1515B6EA00EE02CA /* cleaner.png */ = {isa = PBXFileReference; lastKnownFileType = image.png; path = cleaner.png; sourceTree = "<group>"; };
		61EBB53F1515B6EA00EE02CA /* cleaner@2x.png */ = {isa = PBXFileReference; lastKnownFileType = image.png; path = "cleaner@2x.png"; sourceTree = "<group>"; };
		61EBB5491515BD5100EE02CA /* JZListCateCell.h */ = {isa = PBXFileReference; fileEncoding = 4; lastKnownFileType = sourcecode.c.h; path = JZListCateCell.h; sourceTree = "<group>"; };
		61EBB54A1515BD5100EE02CA /* JZListCateCell.m */ = {isa = PBXFileReference; fileEncoding = 4; lastKnownFileType = sourcecode.c.objc; path = JZListCateCell.m; sourceTree = "<group>"; };
		61EBB54C1515BEEC00EE02CA /* graytri.png */ = {isa = PBXFileReference; lastKnownFileType = image.png; path = graytri.png; sourceTree = "<group>"; };
		61EBB54D1515BEEC00EE02CA /* graytri@2x.png */ = {isa = PBXFileReference; lastKnownFileType = image.png; path = "graytri@2x.png"; sourceTree = "<group>"; };
		61EBB5501515C8D400EE02CA /* cities.plist */ = {isa = PBXFileReference; fileEncoding = 4; lastKnownFileType = text.plist.xml; path = cities.plist; sourceTree = "<group>"; };
		61EBB5521515D66100EE02CA /* LocationController.h */ = {isa = PBXFileReference; lastKnownFileType = sourcecode.c.h; path = LocationController.h; sourceTree = "<group>"; };
		61EBB5531515D66100EE02CA /* LocationController.m */ = {isa = PBXFileReference; lastKnownFileType = sourcecode.c.objc; path = LocationController.m; sourceTree = "<group>"; };
		61EBB5541515D6AB00EE02CA /* CoreLocation.framework */ = {isa = PBXFileReference; lastKnownFileType = wrapper.framework; name = CoreLocation.framework; path = System/Library/Frameworks/CoreLocation.framework; sourceTree = SDKROOT; };
		61EBB5571515D6DD00EE02CA /* Utils.h */ = {isa = PBXFileReference; lastKnownFileType = sourcecode.c.h; path = Utils.h; sourceTree = "<group>"; };
		61EBB5581515D6DD00EE02CA /* Utils.m */ = {isa = PBXFileReference; lastKnownFileType = sourcecode.c.objc; path = Utils.m; sourceTree = "<group>"; };
		61EBB5731515FAE400EE02CA /* Reachability.h */ = {isa = PBXFileReference; lastKnownFileType = sourcecode.c.h; path = Reachability.h; sourceTree = "<group>"; };
		61EBB5741515FAE400EE02CA /* Reachability.m */ = {isa = PBXFileReference; lastKnownFileType = sourcecode.c.objc; path = Reachability.m; sourceTree = "<group>"; };
		61EBB5751515FAE400EE02CA /* ASIAuthenticationDialog.h */ = {isa = PBXFileReference; lastKnownFileType = sourcecode.c.h; path = ASIAuthenticationDialog.h; sourceTree = "<group>"; };
		61EBB5761515FAE400EE02CA /* ASIAuthenticationDialog.m */ = {isa = PBXFileReference; lastKnownFileType = sourcecode.c.objc; path = ASIAuthenticationDialog.m; sourceTree = "<group>"; };
		61EBB5771515FAE400EE02CA /* ASICacheDelegate.h */ = {isa = PBXFileReference; lastKnownFileType = sourcecode.c.h; path = ASICacheDelegate.h; sourceTree = "<group>"; };
		61EBB5781515FAE400EE02CA /* ASIDataCompressor.h */ = {isa = PBXFileReference; lastKnownFileType = sourcecode.c.h; path = ASIDataCompressor.h; sourceTree = "<group>"; };
		61EBB5791515FAE400EE02CA /* ASIDataCompressor.m */ = {isa = PBXFileReference; lastKnownFileType = sourcecode.c.objc; path = ASIDataCompressor.m; sourceTree = "<group>"; };
		61EBB57A1515FAE400EE02CA /* ASIDataDecompressor.h */ = {isa = PBXFileReference; lastKnownFileType = sourcecode.c.h; path = ASIDataDecompressor.h; sourceTree = "<group>"; };
		61EBB57B1515FAE400EE02CA /* ASIDataDecompressor.m */ = {isa = PBXFileReference; lastKnownFileType = sourcecode.c.objc; path = ASIDataDecompressor.m; sourceTree = "<group>"; };
		61EBB57C1515FAE400EE02CA /* ASIDownloadCache.h */ = {isa = PBXFileReference; lastKnownFileType = sourcecode.c.h; path = ASIDownloadCache.h; sourceTree = "<group>"; };
		61EBB57D1515FAE400EE02CA /* ASIDownloadCache.m */ = {isa = PBXFileReference; lastKnownFileType = sourcecode.c.objc; path = ASIDownloadCache.m; sourceTree = "<group>"; };
		61EBB57E1515FAE400EE02CA /* ASIFormDataRequest.h */ = {isa = PBXFileReference; lastKnownFileType = sourcecode.c.h; path = ASIFormDataRequest.h; sourceTree = "<group>"; };
		61EBB57F1515FAE400EE02CA /* ASIFormDataRequest.m */ = {isa = PBXFileReference; lastKnownFileType = sourcecode.c.objc; path = ASIFormDataRequest.m; sourceTree = "<group>"; };
		61EBB5801515FAE400EE02CA /* ASIHTTPRequest.h */ = {isa = PBXFileReference; lastKnownFileType = sourcecode.c.h; path = ASIHTTPRequest.h; sourceTree = "<group>"; };
		61EBB5811515FAE400EE02CA /* ASIHTTPRequest.m */ = {isa = PBXFileReference; lastKnownFileType = sourcecode.c.objc; path = ASIHTTPRequest.m; sourceTree = "<group>"; };
		61EBB5821515FAE400EE02CA /* ASIHTTPRequestConfig.h */ = {isa = PBXFileReference; lastKnownFileType = sourcecode.c.h; path = ASIHTTPRequestConfig.h; sourceTree = "<group>"; };
		61EBB5831515FAE400EE02CA /* ASIHTTPRequestDelegate.h */ = {isa = PBXFileReference; lastKnownFileType = sourcecode.c.h; path = ASIHTTPRequestDelegate.h; sourceTree = "<group>"; };
		61EBB5841515FAE400EE02CA /* ASIInputStream.h */ = {isa = PBXFileReference; lastKnownFileType = sourcecode.c.h; path = ASIInputStream.h; sourceTree = "<group>"; };
		61EBB5851515FAE400EE02CA /* ASIInputStream.m */ = {isa = PBXFileReference; lastKnownFileType = sourcecode.c.objc; path = ASIInputStream.m; sourceTree = "<group>"; };
		61EBB5861515FAE400EE02CA /* ASINetworkQueue.h */ = {isa = PBXFileReference; lastKnownFileType = sourcecode.c.h; path = ASINetworkQueue.h; sourceTree = "<group>"; };
		61EBB5871515FAE400EE02CA /* ASINetworkQueue.m */ = {isa = PBXFileReference; lastKnownFileType = sourcecode.c.objc; path = ASINetworkQueue.m; sourceTree = "<group>"; };
		61EBB5881515FAE400EE02CA /* ASIProgressDelegate.h */ = {isa = PBXFileReference; lastKnownFileType = sourcecode.c.h; path = ASIProgressDelegate.h; sourceTree = "<group>"; };
		61EBB5951515FBC200EE02CA /* CFNetwork.framework */ = {isa = PBXFileReference; lastKnownFileType = wrapper.framework; name = CFNetwork.framework; path = System/Library/Frameworks/CFNetwork.framework; sourceTree = SDKROOT; };
		61EBB5971515FC4F00EE02CA /* libz.1.2.5.dylib */ = {isa = PBXFileReference; lastKnownFileType = "compiled.mach-o.dylib"; name = libz.1.2.5.dylib; path = usr/lib/libz.1.2.5.dylib; sourceTree = SDKROOT; };
		61EBB5991515FC7B00EE02CA /* MobileCoreServices.framework */ = {isa = PBXFileReference; lastKnownFileType = wrapper.framework; name = MobileCoreServices.framework; path = System/Library/Frameworks/MobileCoreServices.framework; sourceTree = SDKROOT; };
		61EBB59B1515FC8400EE02CA /* SystemConfiguration.framework */ = {isa = PBXFileReference; lastKnownFileType = wrapper.framework; name = SystemConfiguration.framework; path = System/Library/Frameworks/SystemConfiguration.framework; sourceTree = SDKROOT; };
		61FD04881517053D00E3F88F /* Default.png */ = {isa = PBXFileReference; lastKnownFileType = image.png; path = Default.png; sourceTree = "<group>"; };
		61FD04891517053D00E3F88F /* Default@2x.png */ = {isa = PBXFileReference; lastKnownFileType = image.png; path = "Default@2x.png"; sourceTree = "<group>"; };
		61FD049515170F0C00E3F88F /* icon@2x.png */ = {isa = PBXFileReference; lastKnownFileType = image.png; path = "icon@2x.png"; sourceTree = "<group>"; };
		61FD049E1517E7FF00E3F88F /* JZEntryCell.h */ = {isa = PBXFileReference; fileEncoding = 4; lastKnownFileType = sourcecode.c.h; path = JZEntryCell.h; sourceTree = "<group>"; };
		61FD049F1517E7FF00E3F88F /* JZEntryCell.m */ = {isa = PBXFileReference; fileEncoding = 4; lastKnownFileType = sourcecode.c.objc; path = JZEntryCell.m; sourceTree = "<group>"; };
		61FD04A21517EE5500E3F88F /* NSString+URLEncoding.h */ = {isa = PBXFileReference; lastKnownFileType = sourcecode.c.h; path = "NSString+URLEncoding.h"; sourceTree = "<group>"; };
		61FD04A31517EE5500E3F88F /* NSString+URLEncoding.m */ = {isa = PBXFileReference; lastKnownFileType = sourcecode.c.objc; path = "NSString+URLEncoding.m"; sourceTree = "<group>"; };
		61FD04A51517F91600E3F88F /* contact.png */ = {isa = PBXFileReference; lastKnownFileType = image.png; path = contact.png; sourceTree = "<group>"; };
		61FD04A61517F91700E3F88F /* contact@2x.png */ = {isa = PBXFileReference; lastKnownFileType = image.png; path = "contact@2x.png"; sourceTree = "<group>"; };
		61FFE47A15622FFA0093379D /* btn-re.png */ = {isa = PBXFileReference; lastKnownFileType = image.png; path = "btn-re.png"; sourceTree = "<group>"; };
		61FFE47B15622FFA0093379D /* btn-re@2x.png */ = {isa = PBXFileReference; lastKnownFileType = image.png; path = "btn-re@2x.png"; sourceTree = "<group>"; };
/* End PBXFileReference section */

/* Begin PBXFrameworksBuildPhase section */
		61E1CD7E15143693004E5C7A /* Frameworks */ = {
			isa = PBXFrameworksBuildPhase;
			buildActionMask = 2147483647;
			files = (
				61AFB47A155FAC3D000582A1 /* QuartzCore.framework in Frameworks */,
				61EBB5961515FBC200EE02CA /* CFNetwork.framework in Frameworks */,
				61DF7444151838F70050275E /* MessageUI.framework in Frameworks */,
				61E1CD8A15143693004E5C7A /* CoreGraphics.framework in Frameworks */,
				61EBB59C1515FC8500EE02CA /* SystemConfiguration.framework in Frameworks */,
				61EBB59A1515FC7B00EE02CA /* MobileCoreServices.framework in Frameworks */,
				61EBB5981515FC4F00EE02CA /* libz.1.2.5.dylib in Frameworks */,
				61EBB5551515D6AB00EE02CA /* CoreLocation.framework in Frameworks */,
				61E1CD8615143693004E5C7A /* UIKit.framework in Frameworks */,
				61E1CD8815143693004E5C7A /* Foundation.framework in Frameworks */,
				6164AEEB15AEA673001A1CB0 /* libMobClickLibrary.a in Frameworks */,
			);
			runOnlyForDeploymentPostprocessing = 0;
		};
/* End PBXFrameworksBuildPhase section */

/* Begin PBXGroup section */
		6164AEEC15AEA80E001A1CB0 /* iVersion */ = {
			isa = PBXGroup;
			children = (
				6164AEF115AEA84C001A1CB0 /* iVersion.bundle */,
				6164AEF215AEA84C001A1CB0 /* iVersion.h */,
				6164AEF315AEA84C001A1CB0 /* iVersion.m */,
			);
			name = iVersion;
			sourceTree = "<group>";
		};
		61B20DDF155FA71800FD1E25 /* SN Popup */ = {
			isa = PBXGroup;
			children = (
				61B20DE2155FA72F00FD1E25 /* SNPopupView.h */,
				61B20DE0155FA72F00FD1E25 /* SNPopupView.m */,
				61B20DE3155FA72F00FD1E25 /* SNPopupView+UsingPrivateMethod.h */,
				61B20DE1155FA72F00FD1E25 /* SNPopupView+UsingPrivateMethod.m */,
			);
			name = "SN Popup";
			sourceTree = "<group>";
		};
		61E1CD7615143692004E5C7A = {
			isa = PBXGroup;
			children = (
				61E1CD8B15143693004E5C7A /* jzsou */,
				61E1CD8415143693004E5C7A /* Frameworks */,
				61E1CD8215143693004E5C7A /* Products */,
			);
			sourceTree = "<group>";
		};
		61E1CD8215143693004E5C7A /* Products */ = {
			isa = PBXGroup;
			children = (
				61E1CD8115143693004E5C7A /* jzsou.app */,
			);
			name = Products;
			sourceTree = "<group>";
		};
		61E1CD8415143693004E5C7A /* Frameworks */ = {
			isa = PBXGroup;
			children = (
				6164AEEA15AEA673001A1CB0 /* libMobClickLibrary.a */,
				616D9A9A155CEAD200D9A79D /* libsqlite3.0.dylib */,
				61DF7443151838F70050275E /* MessageUI.framework */,
				61EBB59B1515FC8400EE02CA /* SystemConfiguration.framework */,
				61EBB5991515FC7B00EE02CA /* MobileCoreServices.framework */,
				61EBB5971515FC4F00EE02CA /* libz.1.2.5.dylib */,
				61EBB5951515FBC200EE02CA /* CFNetwork.framework */,
				61EBB5541515D6AB00EE02CA /* CoreLocation.framework */,
				61E1CDDC1514A2BA004E5C7A /* QuartzCore.framework */,
				61E1CD8515143693004E5C7A /* UIKit.framework */,
				61E1CD8715143693004E5C7A /* Foundation.framework */,
				61E1CD8915143693004E5C7A /* CoreGraphics.framework */,
			);
			name = Frameworks;
			sourceTree = "<group>";
		};
		61E1CD8B15143693004E5C7A /* jzsou */ = {
			isa = PBXGroup;
			children = (
				6164AEEC15AEA80E001A1CB0 /* iVersion */,
				61B20DDF155FA71800FD1E25 /* SN Popup */,
				61EBB5211515ABC000EE02CA /* Utils */,
				61EBB5721515FACD00EE02CA /* ASIHttp */,
				61E572721514D984009058AE /* SBJson */,
				61E1CDA3151439B6004E5C7A /* View Items */,
				61E1CD9415143693004E5C7A /* JZAppDelegate.h */,
				61E1CD9515143693004E5C7A /* JZAppDelegate.m */,
				61E1CD9C151436DE004E5C7A /* MainWindow.xib */,
				61E1CDAF1514480A004E5C7A /* JZCateListViewController.h */,
				61E1CDB01514480A004E5C7A /* JZCateListViewController.m */,
				61E1CDB11514480A004E5C7A /* JZCateListViewController.xib */,
				61E1CD9E1514394A004E5C7A /* JZEntryListViewController.h */,
				61E1CD9F1514394A004E5C7A /* JZEntryListViewController.m */,
				61E1CDA01514394A004E5C7A /* JZEntryListViewController.xib */,
				61E1CDC015148C20004E5C7A /* JZCityListViewController.h */,
				61E1CDC115148C21004E5C7A /* JZCityListViewController.m */,
				61E1CDC215148C21004E5C7A /* JZCityListViewController.xib */,
				61E1CDC515148C4E004E5C7A /* JZEntryDetailViewController.h */,
				61E1CDC615148C4F004E5C7A /* JZEntryDetailViewController.m */,
				61E1CDC715148C4F004E5C7A /* JZEntryDetailViewController.xib */,
				61E1CD8C15143693004E5C7A /* Supporting Files */,
			);
			path = jzsou;
			sourceTree = "<group>";
		};
		61E1CD8C15143693004E5C7A /* Supporting Files */ = {
			isa = PBXGroup;
			children = (
				61FFE47A15622FFA0093379D /* btn-re.png */,
				61FFE47B15622FFA0093379D /* btn-re@2x.png */,
				61EBB5461515B6EE00EE02CA /* Cate list logo */,
				61DF7446151840710050275E /* callBtn.png */,
				61DF7447151840710050275E /* callBtn@2x.png */,
				61DF7448151840710050275E /* callBtnD.png */,
				61DF7449151840710050275E /* callBtnD@2x.png */,
				61DF744A151840710050275E /* mailBtn.png */,
				61DF744B151840710050275E /* mailBtn@2x.png */,
				61DF744C151840710050275E /* mailBtnD.png */,
				61DF744D151840710050275E /* mailBtnD@2x.png */,
				61FD04A51517F91600E3F88F /* contact.png */,
				61FD04A61517F91700E3F88F /* contact@2x.png */,
				61DF7456151876AB0050275E /* icon.png */,
				61FD049515170F0C00E3F88F /* icon@2x.png */,
				61FD04881517053D00E3F88F /* Default.png */,
				61FD04891517053D00E3F88F /* Default@2x.png */,
				61EBB54C1515BEEC00EE02CA /* graytri.png */,
				61EBB54D1515BEEC00EE02CA /* graytri@2x.png */,
				61E1CDD415149700004E5C7A /* confirmBtn.png */,
				61E1CDD515149700004E5C7A /* confirmBtn@2x.png */,
				61E1CDD615149700004E5C7A /* confirmBtnD.png */,
				61E1CDD715149700004E5C7A /* confirmBtnD@2x.png */,
				61E1CDCC151495A2004E5C7A /* backBtn.png */,
				61E1CDCD151495A2004E5C7A /* backBtn@2x.png */,
				61E1CDCE151495A2004E5C7A /* backBtnD.png */,
				61E1CDCF151495A2004E5C7A /* backBtnD@2x.png */,
				61E1CDBC1514725B004E5C7A /* btndown.png */,
				61E1CDBD1514725B004E5C7A /* btndown@2x.png */,
				61E1CDB815145C58004E5C7A /* bgSearch.png */,
				61E1CDB915145C58004E5C7A /* bgSearch@2x.png */,
				61E1CDB415145ADD004E5C7A /* header.png */,
				61E1CDB515145ADD004E5C7A /* header@2x.png */,
				61E1CD8D15143693004E5C7A /* jzsou-Info.plist */,
				61E1CD8E15143693004E5C7A /* InfoPlist.strings */,
				61E1CD9115143693004E5C7A /* main.m */,
				61E1CD9315143693004E5C7A /* jzsou-Prefix.pch */,
				61EBB5241515B34700EE02CA /* cates.plist */,
				61EBB5501515C8D400EE02CA /* cities.plist */,
			);
			name = "Supporting Files";
			sourceTree = "<group>";
		};
		61E1CDA3151439B6004E5C7A /* View Items */ = {
			isa = PBXGroup;
			children = (
				61B93C321522EB9A00DBA6C0 /* UIViewController+msg.h */,
				61B93C331522EB9A00DBA6C0 /* UIViewController+msg.m */,
				61B93C2E1522EA6700DBA6C0 /* RoundedRect.h */,
				61B93C2F1522EA6700DBA6C0 /* RoundedRect.m */,
				61EBB5491515BD5100EE02CA /* JZListCateCell.h */,
				61EBB54A1515BD5100EE02CA /* JZListCateCell.m */,
				61FD049E1517E7FF00E3F88F /* JZEntryCell.h */,
				61FD049F1517E7FF00E3F88F /* JZEntryCell.m */,
				61E1CDA4151439E7004E5C7A /* JZNavigationBar.h */,
				61E1CDA5151439E7004E5C7A /* JZNavigationBar.m */,
				61E1CDCA15149579004E5C7A /* CustomBarButtonItem.h */,
				61E1CDCB15149579004E5C7A /* CustomBarButtonItem.m */,
			);
			name = "View Items";
			sourceTree = "<group>";
		};
		61E572721514D984009058AE /* SBJson */ = {
			isa = PBXGroup;
			children = (
				61E572731514D996009058AE /* NSObject+SBJson.m */,
				61E572741514D996009058AE /* SBJsonParser.m */,
				61E572751514D996009058AE /* SBJsonStreamParser.m */,
				61E572761514D996009058AE /* SBJsonStreamParserAccumulator.m */,
				61E572771514D996009058AE /* SBJsonStreamParserAdapter.m */,
				61E572781514D996009058AE /* SBJsonStreamParserState.m */,
				61E572791514D996009058AE /* SBJsonStreamWriter.m */,
				61E5727A1514D996009058AE /* SBJsonStreamWriterAccumulator.m */,
				61E5727B1514D996009058AE /* SBJsonStreamWriterState.m */,
				61E5727C1514D996009058AE /* SBJsonTokeniser.m */,
				61E5727D1514D996009058AE /* SBJsonUTF8Stream.m */,
				61E5727E1514D996009058AE /* SBJsonWriter.m */,
				61E5727F1514D996009058AE /* NSObject+SBJson.h */,
				61E572801514D996009058AE /* SBJson.h */,
				61E572811514D996009058AE /* SBJsonParser.h */,
				61E572821514D996009058AE /* SBJsonStreamParser.h */,
				61E572831514D996009058AE /* SBJsonStreamParserAccumulator.h */,
				61E572841514D996009058AE /* SBJsonStreamParserAdapter.h */,
				61E572851514D996009058AE /* SBJsonStreamParserState.h */,
				61E572861514D996009058AE /* SBJsonStreamWriter.h */,
				61E572871514D996009058AE /* SBJsonStreamWriterAccumulator.h */,
				61E572881514D996009058AE /* SBJsonStreamWriterState.h */,
				61E572891514D996009058AE /* SBJsonTokeniser.h */,
				61E5728A1514D996009058AE /* SBJsonUTF8Stream.h */,
				61E5728B1514D996009058AE /* SBJsonWriter.h */,
			);
			name = SBJson;
			sourceTree = "<group>";
		};
		61EBB5211515ABC000EE02CA /* Utils */ = {
			isa = PBXGroup;
			children = (
				6164AEE815AEA2AE001A1CB0 /* MobClick.h */,
				61EBB5571515D6DD00EE02CA /* Utils.h */,
				61EBB5581515D6DD00EE02CA /* Utils.m */,
				61EBB5521515D66100EE02CA /* LocationController.h */,
				61EBB5531515D66100EE02CA /* LocationController.m */,
				61FD04A21517EE5500E3F88F /* NSString+URLEncoding.h */,
				61FD04A31517EE5500E3F88F /* NSString+URLEncoding.m */,
			);
			name = Utils;
			sourceTree = "<group>";
		};
		61EBB5461515B6EE00EE02CA /* Cate list logo */ = {
			isa = PBXGroup;
			children = (
				61EBB53A1515B6EA00EE02CA /* airCondition.png */,
				61EBB53B1515B6EA00EE02CA /* airCondition@2x.png */,
				61EBB53C1515B6EA00EE02CA /* babySister.png */,
				61EBB53D1515B6EA00EE02CA /* babySister@2x.png */,
				61EBB53E1515B6EA00EE02CA /* cleaner.png */,
				61EBB53F1515B6EA00EE02CA /* cleaner@2x.png */,
				61EBB5261515B56300EE02CA /* pc.png */,
				61EBB5271515B56300EE02CA /* pc@2x.png */,
				61EBB5281515B56300EE02CA /* pipe.png */,
				61EBB5291515B56300EE02CA /* pipe@2x.png */,
				61EBB52A1515B56300EE02CA /* transport.png */,
				61EBB52B1515B56300EE02CA /* transport@2x.png */,
				61EBB52C1515B56300EE02CA /* tv.png */,
				61EBB52D1515B56300EE02CA /* tv@2x.png */,
				61EBB52E1515B56300EE02CA /* unlock.png */,
				61EBB52F1515B56400EE02CA /* unlock@2x.png */,
			);
			name = "Cate list logo";
			sourceTree = "<group>";
		};
		61EBB5721515FACD00EE02CA /* ASIHttp */ = {
			isa = PBXGroup;
			children = (
				61EBB5731515FAE400EE02CA /* Reachability.h */,
				61EBB5741515FAE400EE02CA /* Reachability.m */,
				61EBB5751515FAE400EE02CA /* ASIAuthenticationDialog.h */,
				61EBB5761515FAE400EE02CA /* ASIAuthenticationDialog.m */,
				61EBB5771515FAE400EE02CA /* ASICacheDelegate.h */,
				61EBB5781515FAE400EE02CA /* ASIDataCompressor.h */,
				61EBB5791515FAE400EE02CA /* ASIDataCompressor.m */,
				61EBB57A1515FAE400EE02CA /* ASIDataDecompressor.h */,
				61EBB57B1515FAE400EE02CA /* ASIDataDecompressor.m */,
				61EBB57C1515FAE400EE02CA /* ASIDownloadCache.h */,
				61EBB57D1515FAE400EE02CA /* ASIDownloadCache.m */,
				61EBB57E1515FAE400EE02CA /* ASIFormDataRequest.h */,
				61EBB57F1515FAE400EE02CA /* ASIFormDataRequest.m */,
				61EBB5801515FAE400EE02CA /* ASIHTTPRequest.h */,
				61EBB5811515FAE400EE02CA /* ASIHTTPRequest.m */,
				61EBB5821515FAE400EE02CA /* ASIHTTPRequestConfig.h */,
				61EBB5831515FAE400EE02CA /* ASIHTTPRequestDelegate.h */,
				61EBB5841515FAE400EE02CA /* ASIInputStream.h */,
				61EBB5851515FAE400EE02CA /* ASIInputStream.m */,
				61EBB5861515FAE400EE02CA /* ASINetworkQueue.h */,
				61EBB5871515FAE400EE02CA /* ASINetworkQueue.m */,
				61EBB5881515FAE400EE02CA /* ASIProgressDelegate.h */,
			);
			name = ASIHttp;
			sourceTree = "<group>";
		};
/* End PBXGroup section */

/* Begin PBXNativeTarget section */
		61E1CD8015143693004E5C7A /* jzsou */ = {
			isa = PBXNativeTarget;
			buildConfigurationList = 61E1CD9915143693004E5C7A /* Build configuration list for PBXNativeTarget "jzsou" */;
			buildPhases = (
				61E1CD7D15143693004E5C7A /* Sources */,
				61E1CD7E15143693004E5C7A /* Frameworks */,
				61E1CD7F15143693004E5C7A /* Resources */,
			);
			buildRules = (
			);
			dependencies = (
			);
			name = jzsou;
			productName = jzsou;
			productReference = 61E1CD8115143693004E5C7A /* jzsou.app */;
			productType = "com.apple.product-type.application";
		};
/* End PBXNativeTarget section */

/* Begin PBXProject section */
		61E1CD7815143692004E5C7A /* Project object */ = {
			isa = PBXProject;
			attributes = {
				CLASSPREFIX = JZ;
				LastUpgradeCheck = 0430;
			};
			buildConfigurationList = 61E1CD7B15143692004E5C7A /* Build configuration list for PBXProject "jzsou" */;
			compatibilityVersion = "Xcode 3.2";
			developmentRegion = English;
			hasScannedForEncodings = 0;
			knownRegions = (
				en,
			);
			mainGroup = 61E1CD7615143692004E5C7A;
			productRefGroup = 61E1CD8215143693004E5C7A /* Products */;
			projectDirPath = "";
			projectRoot = "";
			targets = (
				61E1CD8015143693004E5C7A /* jzsou */,
			);
		};
/* End PBXProject section */

/* Begin PBXResourcesBuildPhase section */
		61E1CD7F15143693004E5C7A /* Resources */ = {
			isa = PBXResourcesBuildPhase;
			buildActionMask = 2147483647;
			files = (
				61E1CD9015143693004E5C7A /* InfoPlist.strings in Resources */,
				61E1CD9D151436DE004E5C7A /* MainWindow.xib in Resources */,
				61E1CDA21514394A004E5C7A /* JZEntryListViewController.xib in Resources */,
				61E1CDB31514480A004E5C7A /* JZCateListViewController.xib in Resources */,
				61E1CDB615145ADD004E5C7A /* header.png in Resources */,
				61E1CDB715145ADD004E5C7A /* header@2x.png in Resources */,
				61E1CDBA15145C58004E5C7A /* bgSearch.png in Resources */,
				61E1CDBB15145C58004E5C7A /* bgSearch@2x.png in Resources */,
				61E1CDBE1514725B004E5C7A /* btndown.png in Resources */,
				61E1CDBF1514725B004E5C7A /* btndown@2x.png in Resources */,
				61E1CDC415148C21004E5C7A /* JZCityListViewController.xib in Resources */,
				61E1CDC915148C4F004E5C7A /* JZEntryDetailViewController.xib in Resources */,
				61E1CDD0151495A2004E5C7A /* backBtn.png in Resources */,
				61E1CDD1151495A2004E5C7A /* backBtn@2x.png in Resources */,
				61E1CDD2151495A2004E5C7A /* backBtnD.png in Resources */,
				61E1CDD3151495A2004E5C7A /* backBtnD@2x.png in Resources */,
				61E1CDD815149700004E5C7A /* confirmBtn.png in Resources */,
				61E1CDD915149700004E5C7A /* confirmBtn@2x.png in Resources */,
				61E1CDDA15149700004E5C7A /* confirmBtnD.png in Resources */,
				61E1CDDB15149700004E5C7A /* confirmBtnD@2x.png in Resources */,
				61EBB5251515B34700EE02CA /* cates.plist in Resources */,
				61EBB5301515B56400EE02CA /* pc.png in Resources */,
				61EBB5311515B56400EE02CA /* pc@2x.png in Resources */,
				61EBB5321515B56400EE02CA /* pipe.png in Resources */,
				61EBB5331515B56400EE02CA /* pipe@2x.png in Resources */,
				61EBB5341515B56400EE02CA /* transport.png in Resources */,
				61EBB5351515B56400EE02CA /* transport@2x.png in Resources */,
				61EBB5361515B56400EE02CA /* tv.png in Resources */,
				61EBB5371515B56400EE02CA /* tv@2x.png in Resources */,
				61EBB5381515B56400EE02CA /* unlock.png in Resources */,
				61EBB5391515B56400EE02CA /* unlock@2x.png in Resources */,
				61EBB5401515B6EA00EE02CA /* airCondition.png in Resources */,
				61EBB5411515B6EA00EE02CA /* airCondition@2x.png in Resources */,
				61EBB5421515B6EA00EE02CA /* babySister.png in Resources */,
				61EBB5431515B6EA00EE02CA /* babySister@2x.png in Resources */,
				61EBB5441515B6EA00EE02CA /* cleaner.png in Resources */,
				61EBB5451515B6EA00EE02CA /* cleaner@2x.png in Resources */,
				61EBB54E1515BEEC00EE02CA /* graytri.png in Resources */,
				61EBB54F1515BEEC00EE02CA /* graytri@2x.png in Resources */,
				61EBB5511515C8D400EE02CA /* cities.plist in Resources */,
				61FD048C1517053D00E3F88F /* Default.png in Resources */,
				61FD048D1517053D00E3F88F /* Default@2x.png in Resources */,
				61FD049715170F0C00E3F88F /* icon@2x.png in Resources */,
				61FD04A71517F91700E3F88F /* contact.png in Resources */,
				61FD04A81517F91700E3F88F /* contact@2x.png in Resources */,
				61DF744E151840710050275E /* callBtn.png in Resources */,
				61DF744F151840710050275E /* callBtn@2x.png in Resources */,
				61DF7450151840710050275E /* callBtnD.png in Resources */,
				61DF7451151840710050275E /* callBtnD@2x.png in Resources */,
				61DF7452151840710050275E /* mailBtn.png in Resources */,
				61DF7453151840710050275E /* mailBtn@2x.png in Resources */,
				61DF7454151840710050275E /* mailBtnD.png in Resources */,
				61DF7455151840710050275E /* mailBtnD@2x.png in Resources */,
				61DF7457151876AB0050275E /* icon.png in Resources */,
				61FFE47D15622FFA0093379D /* btn-re.png in Resources */,
				61FFE47E15622FFA0093379D /* btn-re@2x.png in Resources */,
				6164AEF415AEA84C001A1CB0 /* iVersion.bundle in Resources */,
			);
			runOnlyForDeploymentPostprocessing = 0;
		};
/* End PBXResourcesBuildPhase section */

/* Begin PBXSourcesBuildPhase section */
		61E1CD7D15143693004E5C7A /* Sources */ = {
			isa = PBXSourcesBuildPhase;
			buildActionMask = 2147483647;
			files = (
				61FD04A41517EE6E00E3F88F /* NSString+URLEncoding.m in Sources */,
				61EBB58B1515FB3E00EE02CA /* Reachability.m in Sources */,
				61EBB58C1515FB3E00EE02CA /* ASIAuthenticationDialog.m in Sources */,
				61EBB58D1515FB3E00EE02CA /* ASIDataCompressor.m in Sources */,
				61EBB58E1515FB3E00EE02CA /* ASIDataDecompressor.m in Sources */,
				61EBB58F1515FB3E00EE02CA /* ASIDownloadCache.m in Sources */,
				61EBB5901515FB3E00EE02CA /* ASIFormDataRequest.m in Sources */,
				61EBB5911515FB3E00EE02CA /* ASIHTTPRequest.m in Sources */,
				61EBB5921515FB3E00EE02CA /* ASIInputStream.m in Sources */,
				61EBB5931515FB3E00EE02CA /* ASINetworkQueue.m in Sources */,
				61EBB5661515E31900EE02CA /* Utils.m in Sources */,
				61EBB55A1515E30B00EE02CA /* NSObject+SBJson.m in Sources */,
				61EBB55B1515E30B00EE02CA /* SBJsonParser.m in Sources */,
				61EBB55C1515E30B00EE02CA /* SBJsonStreamParser.m in Sources */,
				61EBB55D1515E30B00EE02CA /* SBJsonStreamParserAccumulator.m in Sources */,
				61EBB55E1515E30B00EE02CA /* SBJsonStreamParserAdapter.m in Sources */,
				61EBB55F1515E30B00EE02CA /* SBJsonStreamParserState.m in Sources */,
				61EBB5601515E30B00EE02CA /* SBJsonStreamWriter.m in Sources */,
				61EBB5611515E30B00EE02CA /* SBJsonStreamWriterAccumulator.m in Sources */,
				61EBB5621515E30B00EE02CA /* SBJsonStreamWriterState.m in Sources */,
				61EBB5631515E30B00EE02CA /* SBJsonTokeniser.m in Sources */,
				61EBB5641515E30B00EE02CA /* SBJsonUTF8Stream.m in Sources */,
				61EBB5651515E30B00EE02CA /* SBJsonWriter.m in Sources */,
				61EBB5591515E2D200EE02CA /* LocationController.m in Sources */,
				61E5725B1514CD4B009058AE /* CustomBarButtonItem.m in Sources */,
				61E1CD9215143693004E5C7A /* main.m in Sources */,
				61E1CD9615143693004E5C7A /* JZAppDelegate.m in Sources */,
				61E1CDA11514394A004E5C7A /* JZEntryListViewController.m in Sources */,
				61E1CDA6151439E7004E5C7A /* JZNavigationBar.m in Sources */,
				61E1CDB21514480A004E5C7A /* JZCateListViewController.m in Sources */,
				61E1CDC315148C21004E5C7A /* JZCityListViewController.m in Sources */,
				61E1CDC815148C4F004E5C7A /* JZEntryDetailViewController.m in Sources */,
				61EBB54B1515BD5100EE02CA /* JZListCateCell.m in Sources */,
				61FD04A01517E7FF00E3F88F /* JZEntryCell.m in Sources */,
				61B93C301522EA6700DBA6C0 /* RoundedRect.m in Sources */,
				61B93C341522EB9A00DBA6C0 /* UIViewController+msg.m in Sources */,
				61B20DE4155FA72F00FD1E25 /* SNPopupView.m in Sources */,
				61B20DE5155FA72F00FD1E25 /* SNPopupView+UsingPrivateMethod.m in Sources */,
				6164AEF515AEA84C001A1CB0 /* iVersion.m in Sources */,
			);
			runOnlyForDeploymentPostprocessing = 0;
		};
/* End PBXSourcesBuildPhase section */

/* Begin PBXVariantGroup section */
		61E1CD8E15143693004E5C7A /* InfoPlist.strings */ = {
			isa = PBXVariantGroup;
			children = (
				61E1CD8F15143693004E5C7A /* en */,
			);
			name = InfoPlist.strings;
			sourceTree = "<group>";
		};
/* End PBXVariantGroup section */

/* Begin XCBuildConfiguration section */
		61E1CD9715143693004E5C7A /* Debug */ = {
			isa = XCBuildConfiguration;
			buildSettings = {
				ALWAYS_SEARCH_USER_PATHS = NO;
				ARCHS = "$(ARCHS_STANDARD_32_BIT)";
				"CODE_SIGN_IDENTITY[sdk=iphoneos*]" = "iPhone Developer";
				COPY_PHASE_STRIP = NO;
				GCC_C_LANGUAGE_STANDARD = gnu99;
				GCC_DYNAMIC_NO_PIC = NO;
				GCC_OPTIMIZATION_LEVEL = 0;
				GCC_PREPROCESSOR_DEFINITIONS = (
					"DEBUG=1",
					"$(inherited)",
				);
				GCC_SYMBOLS_PRIVATE_EXTERN = NO;
				GCC_VERSION = com.apple.compilers.llvm.clang.1_0;
				GCC_WARN_ABOUT_RETURN_TYPE = YES;
				GCC_WARN_UNINITIALIZED_AUTOS = YES;
				GCC_WARN_UNUSED_VARIABLE = YES;
				IPHONEOS_DEPLOYMENT_TARGET = 4.0;
				SDKROOT = iphoneos;
			};
			name = Debug;
		};
		61E1CD9815143693004E5C7A /* Release */ = {
			isa = XCBuildConfiguration;
			buildSettings = {
				ALWAYS_SEARCH_USER_PATHS = NO;
				ARCHS = "$(ARCHS_STANDARD_32_BIT)";
				"CODE_SIGN_IDENTITY[sdk=iphoneos*]" = "iPhone Developer";
				COPY_PHASE_STRIP = YES;
				GCC_C_LANGUAGE_STANDARD = gnu99;
				GCC_VERSION = com.apple.compilers.llvm.clang.1_0;
				GCC_WARN_ABOUT_RETURN_TYPE = YES;
				GCC_WARN_UNINITIALIZED_AUTOS = YES;
				GCC_WARN_UNUSED_VARIABLE = YES;
				IPHONEOS_DEPLOYMENT_TARGET = 4.0;
				OTHER_CFLAGS = "-DNS_BLOCK_ASSERTIONS=1";
				SDKROOT = iphoneos;
				VALIDATE_PRODUCT = YES;
			};
			name = Release;
		};
		61E1CD9A15143693004E5C7A /* Debug */ = {
			isa = XCBuildConfiguration;
			buildSettings = {
				CODE_SIGN_IDENTITY = "iPhone Developer";
				GCC_PRECOMPILE_PREFIX_HEADER = YES;
				GCC_PREFIX_HEADER = "jzsou/jzsou-Prefix.pch";
				INFOPLIST_FILE = "jzsou/jzsou-Info.plist";
				IPHONEOS_DEPLOYMENT_TARGET = 4.0;
				LIBRARY_SEARCH_PATHS = (
					"$(inherited)",
					"\"$(SRCROOT)/jzsou\"",
					"\"$(SRCROOT)\"",
				);
				PRODUCT_NAME = "$(TARGET_NAME)";
				PROVISIONING_PROFILE = "";
				WRAPPER_EXTENSION = app;
			};
			name = Debug;
		};
		61E1CD9B15143693004E5C7A /* Release */ = {
			isa = XCBuildConfiguration;
			buildSettings = {
				ARCHS = (
					armv7,
					armv6,
				);
				CODE_SIGN_IDENTITY = "iPhone Developer";
				"CODE_SIGN_IDENTITY[sdk=iphoneos*]" = "iPhone Developer";
				GCC_PRECOMPILE_PREFIX_HEADER = YES;
				GCC_PREFIX_HEADER = "jzsou/jzsou-Prefix.pch";
				INFOPLIST_FILE = "jzsou/jzsou-Info.plist";
				IPHONEOS_DEPLOYMENT_TARGET = 4.0;
				LIBRARY_SEARCH_PATHS = (
					"$(inherited)",
					"\"$(SRCROOT)/jzsou\"",
					"\"$(SRCROOT)\"",
				);
				PRODUCT_NAME = "$(TARGET_NAME)";
				PROVISIONING_PROFILE = "";
				"PROVISIONING_PROFILE[sdk=iphoneos*]" = "";
				WRAPPER_EXTENSION = app;
			};
			name = Release;
		};
/* End XCBuildConfiguration section */

/* Begin XCConfigurationList section */
		61E1CD7B15143692004E5C7A /* Build configuration list for PBXProject "jzsou" */ = {
			isa = XCConfigurationList;
			buildConfigurations = (
				61E1CD9715143693004E5C7A /* Debug */,
				61E1CD9815143693004E5C7A /* Release */,
			);
			defaultConfigurationIsVisible = 0;
			defaultConfigurationName = Release;
		};
		61E1CD9915143693004E5C7A /* Build configuration list for PBXNativeTarget "jzsou" */ = {
			isa = XCConfigurationList;
			buildConfigurations = (
				61E1CD9A15143693004E5C7A /* Debug */,
				61E1CD9B15143693004E5C7A /* Release */,
			);
			defaultConfigurationIsVisible = 0;
			defaultConfigurationName = Release;
		};
/* End XCConfigurationList section */
	};
	rootObject = 61E1CD7815143692004E5C7A /* Project object */;
}
